
Microsoft Visual Studio Solution File, Format Version 11.00
# Visual Studio 2010
Project("{E24C65DC-7377-472B-9ABA-BC803B73C61A}") = "http://localhost/Perkins_Vers2/", "http://localhost/Perkins_Vers2", "{0437CE58-812D-4383-B1BD-901DE0AB7E64}"
	ProjectSection(WebsiteProperties) = preProject
		SccProjectName = ""$/Perkins_VERS2", RGXLAAAA"
		SccAuxPath = ""
		SccLocalPath = "."
		SccProvider = "MSSCCI:Microsoft Visual SourceSafe"
		Debug.AspNetCompiler.VirtualPath = "/Perkins_Vers2"
		Debug.AspNetCompiler.PhysicalPath = "E:\wwwroot\Perkins_Vers2\"
		Debug.AspNetCompiler.TargetPath = "PrecompiledWeb\Perkins_Vers2\"
		Debug.AspNetCompiler.Updateable = "true"
		Debug.AspNetCompiler.ForceOverwrite = "true"
		Debug.AspNetCompiler.FixedNames = "false"
		Debug.AspNetCompiler.Debug = "True"
		Release.AspNetCompiler.VirtualPath = "/Perkins_Vers2"
		Release.AspNetCompiler.PhysicalPath = "E:\wwwroot\Perkins_Vers2\"
		Release.AspNetCompiler.TargetPath = "PrecompiledWeb\Perkins_Vers2\"
		Release.AspNetCompiler.Updateable = "true"
		Release.AspNetCompiler.ForceOverwrite = "true"
		Release.AspNetCompiler.FixedNames = "false"
		Release.AspNetCompiler.Debug = "False"
		SlnRelativePath = "E:\wwwroot\Perkins_Vers2\"
	EndProjectSection
EndProject
Global
	GlobalSection(SolutionProperties) = preSolution
		HideSolutionNode = FALSE
	EndGlobalSection
EndGlobal
